
Microsoft Visual Studio Solution File, Format Version 12.00
# Visual Studio Version 16
VisualStudioVersion = 16.0.30523.141
MinimumVisualStudioVersion = 10.0.40219.1
Project("{FAE04EC0-301F-11D3-BF4B-00C04F79EFBC}") = "ManoTranslatorForWeb", "ManoTranslatorForWeb\ManoTranslatorForWeb.csproj", "{EF1E5349-627E-47E2-9178-722305AE3349}"
EndProject
Global
	GlobalSection(SolutionConfigurationPlatforms) = preSolution
		Debug|Any CPU = Debug|Any CPU
		Release|Any CPU = Release|Any CPU
	EndGlobalSection
	GlobalSection(ProjectConfigurationPlatforms) = postSolution
		{EF1E5349-627E-47E2-9178-722305AE3349}.Debug|Any CPU.ActiveCfg = Debug|Any CPU
		{EF1E5349-627E-47E2-9178-722305AE3349}.Debug|Any CPU.Build.0 = Debug|Any CPU
		{EF1E5349-627E-47E2-9178-722305AE3349}.Release|Any CPU.ActiveCfg = Release|Any CPU
		{EF1E5349-627E-47E2-9178-722305AE3349}.Release|Any CPU.Build.0 = Release|Any CPU
	EndGlobalSection
	GlobalSection(SolutionProperties) = preSolution
		HideSolutionNode = FALSE
	EndGlobalSection
	GlobalSection(ExtensibilityGlobals) = postSolution
		SolutionGuid = {896C5D4F-3C9D-40BC-B040-E12A926F81BE}
	EndGlobalSection
EndGlobal
